Microsoft Visual Studio Solution File, Format Version 12.00
# Visual Studio 15
VisualStudioVersion = 15.0.27703.2042
MinimumVisualStudioVersion = 10.0.40219.1
Project("{FAE04EC0-301F-11D3-BF4B-00C04F79EFBC}") = "SampleApp", "SampleApp.csproj", "{11BEB34F-063F-48FD-9A90-27BE9BD7D3F4}"
EndProject
Project("{FAE04EC0-301F-11D3-BF4B-00C04F79EFBC}") = "schemaEgisso", "..\schemaEgisso.csproj", "{52F98A0C-CF43-4507-820C-B753251F6E77}"
EndProject
Global
	GlobalSection(SolutionConfigurationPlatforms) = preSolution
		Debug|Any CPU = Debug|Any CPU
		Release|Any CPU = Release|Any CPU
	EndGlobalSection
	GlobalSection(ProjectConfigurationPlatforms) = postSolution
		{11BEB34F-063F-48FD-9A90-27BE9BD7D3F4}.Debug|Any CPU.ActiveCfg = Debug|Any CPU
		{11BEB34F-063F-48FD-9A90-27BE9BD7D3F4}.Debug|Any CPU.Build.0 = Debug|Any CPU
		{11BEB34F-063F-48FD-9A90-27BE9BD7D3F4}.Release|Any CPU.ActiveCfg = Release|Any CPU
		{11BEB34F-063F-48FD-9A90-27BE9BD7D3F4}.Release|Any CPU.Build.0 = Release|Any CPU
		{52F98A0C-CF43-4507-820C-B753251F6E77}.Debug|Any CPU.ActiveCfg = Debug|Any CPU
		{52F98A0C-CF43-4507-820C-B753251F6E77}.Debug|Any CPU.Build.0 = Debug|Any CPU
		{52F98A0C-CF43-4507-820C-B753251F6E77}.Release|Any CPU.ActiveCfg = Release|Any CPU
		{52F98A0C-CF43-4507-820C-B753251F6E77}.Release|Any CPU.Build.0 = Release|Any CPU
	EndGlobalSection
	GlobalSection(SolutionProperties) = preSolution
		HideSolutionNode = FALSE
	EndGlobalSection
	GlobalSection(ExtensibilityGlobals) = postSolution
		SolutionGuid = {2833D5FA-E6F9-4B95-A847-5049FE9C42BB}
	EndGlobalSection
EndGlobal
